
Microsoft Visual Studio Solution File, Format Version 12.00
# Visual Studio 15
VisualStudioVersion = 15.0.27130.2027
MinimumVisualStudioVersion = 10.0.40219.1
Project("{FAE04EC0-301F-11D3-BF4B-00C04F79EFBC}") = "HierarchyProgram", "HierarchyProgram\HierarchyProgram.csproj", "{A37FBC55-28E1-4837-8EE7-8ADBB8E02240}"
EndProject
Global
	GlobalSection(SolutionConfigurationPlatforms) = preSolution
		Debug|Any CPU = Debug|Any CPU
		Release|Any CPU = Release|Any CPU
	EndGlobalSection
	GlobalSection(ProjectConfigurationPlatforms) = postSolution
		{A37FBC55-28E1-4837-8EE7-8ADBB8E02240}.Debug|Any CPU.ActiveCfg = Debug|Any CPU
		{A37FBC55-28E1-4837-8EE7-8ADBB8E02240}.Debug|Any CPU.Build.0 = Debug|Any CPU
		{A37FBC55-28E1-4837-8EE7-8ADBB8E02240}.Release|Any CPU.ActiveCfg = Release|Any CPU
		{A37FBC55-28E1-4837-8EE7-8ADBB8E02240}.Release|Any CPU.Build.0 = Release|Any CPU
	EndGlobalSection
	GlobalSection(SolutionProperties) = preSolution
		HideSolutionNode = FALSE
	EndGlobalSection
	GlobalSection(ExtensibilityGlobals) = postSolution
		SolutionGuid = {82B7D0D9-58D1-47C4-BC7F-471C006F3219}
	EndGlobalSection
EndGlobal
